{
  "version": 4,
  "terraform_version": "1.3.9",
  "serial": 1,
  "lineage": "2da191de-7743-c0f9-1007-081616a78da7",
  "outputs": {},
  "resources": [
    {
      "mode": "managed",
      "type": "azurerm_linux_virtual_machine",
      "name": "res-2",
      "provider": "provider[\"registry.terraform.io/hashicorp/azurerm\"]",
      "instances": [
        {
          "schema_version": 0,
          "attributes": {
            "additional_capabilities": [],
            "admin_password": null,
            "admin_ssh_key": [
              {
                "public_key": "ssh-rsa AAAAB3NzaC1yc2EAAAADAQABAAABgQCoJbVugghKcAy5K0PUs2c+o9czcK8m2IdpczlvYDdgyuIqJ5u3Cgmk7HRMpoJpdI79hvGDXgagaHrfSrAR/hXrxUoAbT7K7RJ1ggPrWNDdbRUnntPVwadyzCzVGilJx5oMgIhggi25yVl+RlMtTskmoreVxC2UB+bU1f1ZnOOtn/wFUGV4h0DLyiv2bYWrnuE8HIif9OPdFMi+iu8MMQgUN1GZcqubVWlcxqqhXUOL3pfiA0SZylkJlfpifU0mKPz926Q711w67bsuir356GOOU8PlS+4jeDajhFk/yH5zgMKyAODcdOfbMnRXLX8kvqScp8svMmZLw35odjJDsn8XWJpNZTGNm+ozAu+Tj5bl/ZBvNUcbP4a/U1Tf3Da/h4seeoO66WVQksGKI0/D+O/WBTYLsCEsA2sN9o31o+jMe8CKj4V47fnA7e/P6YVpvElZnokcU/ynw2wuZ16tyCh+pe15B6uDvWONI0wFr1PF7LgcLjn9QfvjjpgBJErSIfk= generated-by-azure",
                "username": "azureuser"
              }
            ],
            "admin_username": "azureuser",
            "allow_extension_operations": true,
            "availability_set_id": "",
            "boot_diagnostics": [
              {
                "storage_account_uri": ""
              }
            ],
            "capacity_reservation_group_id": "",
            "computer_name": "myVM",
            "custom_data": null,
            "dedicated_host_group_id": "",
            "dedicated_host_id": "",
            "disable_password_authentication": true,
            "edge_zone": "",
            "encryption_at_host_enabled": false,
            "eviction_policy": "",
            "extensions_time_budget": "PT1H30M",
            "gallery_application": [],
            "id": "/subscriptions/6e4d4d41-20a6-4801-8eec-c769d870e333/resourceGroups/myResourceGroup/providers/Microsoft.Compute/virtualMachines/myVM",
            "identity": [],
            "license_type": "",
            "location": "westus2",
            "max_bid_price": -1,
            "name": "myVM",
            "network_interface_ids": [
              "/subscriptions/6e4d4d41-20a6-4801-8eec-c769d870e333/resourceGroups/myResourceGroup/providers/Microsoft.Network/networkInterfaces/myvm669_z1"
            ],
            "os_disk": [
              {
                "caching": "ReadWrite",
                "diff_disk_settings": [],
                "disk_encryption_set_id": "",
                "disk_size_gb": 30,
                "name": "myVM_OsDisk_1_02389ec77724454c9d54a2b28b447af6",
                "secure_vm_disk_encryption_set_id": "",
                "security_encryption_type": "",
                "storage_account_type": "Premium_LRS",
                "write_accelerator_enabled": false
              }
            ],
            "patch_assessment_mode": "ImageDefault",
            "patch_mode": "ImageDefault",
            "plan": [],
            "platform_fault_domain": -1,
            "priority": "Regular",
            "private_ip_address": "10.2.0.4",
            "private_ip_addresses": [
              "10.2.0.4"
            ],
            "provision_vm_agent": true,
            "proximity_placement_group_id": "",
            "public_ip_address": "20.83.203.156",
            "public_ip_addresses": [
              "20.83.203.156"
            ],
            "resource_group_name": "myResourceGroup",
            "secret": [],
            "secure_boot_enabled": true,
            "size": "Standard_D4s_v3",
            "source_image_id": "",
            "source_image_reference": [
              {
                "offer": "0001-com-ubuntu-minimal-focal",
                "publisher": "canonical",
                "sku": "minimal-20_04-lts-gen2",
                "version": "latest"
              }
            ],
            "tags": {
              "environment": "Production"
            },
            "termination_notification": [],
            "timeouts": {
              "create": null,
              "delete": null,
              "read": null,
              "update": null
            },
            "user_data": "",
            "virtual_machine_id": "e280fe50-5854-4a21-9ec0-8ecc448e00ef",
            "virtual_machine_scale_set_id": "",
            "vtpm_enabled": true,
            "zone": "1"
          },
          "sensitive_attributes": [],
          "private": "eyJlMmJmYjczMC1lY2FhLTExZTYtOGY4OC0zNDM2M2JjN2M0YzAiOnsiY3JlYXRlIjoyNzAwMDAwMDAwMDAwLCJkZWxldGUiOjI3MDAwMDAwMDAwMDAsInJlYWQiOjMwMDAwMDAwMDAwMCwidXBkYXRlIjoyNzAwMDAwMDAwMDAwfSwic2NoZW1hX3ZlcnNpb24iOiIwIn0="
        }
      ]
    },
    {
      "mode": "managed",
      "type": "azurerm_network_interface",
      "name": "res-3",
      "provider": "provider[\"registry.terraform.io/hashicorp/azurerm\"]",
      "instances": [
        {
          "schema_version": 0,
          "attributes": {
            "applied_dns_servers": [],
            "dns_servers": [],
            "edge_zone": "",
            "enable_accelerated_networking": true,
            "enable_ip_forwarding": false,
            "id": "/subscriptions/6e4d4d41-20a6-4801-8eec-c769d870e333/resourceGroups/myResourceGroup/providers/Microsoft.Network/networkInterfaces/myvm669_z1",
            "internal_dns_name_label": "",
            "internal_domain_name_suffix": "ipygtxeqycgubeh43ghmfj2dpg.xx.internal.cloudapp.net",
            "ip_configuration": [
              {
                "gateway_load_balancer_frontend_ip_configuration_id": "",
                "name": "ipconfig1",
                "primary": true,
                "private_ip_address": "10.2.0.4",
                "private_ip_address_allocation": "Dynamic",
                "private_ip_address_version": "IPv4",
                "public_ip_address_id": "/subscriptions/6e4d4d41-20a6-4801-8eec-c769d870e333/resourceGroups/myResourceGroup/providers/Microsoft.Network/publicIPAddresses/myVM-ip",
                "subnet_id": "/subscriptions/6e4d4d41-20a6-4801-8eec-c769d870e333/resourceGroups/myResourceGroup/providers/Microsoft.Network/virtualNetworks/myVM-vnet/subnets/default"
              }
            ],
            "location": "westus2",
            "mac_address": "00-22-48-7A-18-8E",
            "name": "myvm669_z1",
            "private_ip_address": "10.2.0.4",
            "private_ip_addresses": [
              "10.2.0.4"
            ],
            "resource_group_name": "myResourceGroup",
            "tags": {
              "environment": "Production"
            },
            "timeouts": {
              "create": null,
              "delete": null,
              "read": null,
              "update": null
            },
            "virtual_machine_id": "/subscriptions/6e4d4d41-20a6-4801-8eec-c769d870e333/resourceGroups/myResourceGroup/providers/Microsoft.Compute/virtualMachines/myVM"
          },
          "sensitive_attributes": [],
          "private": "eyJlMmJmYjczMC1lY2FhLTExZTYtOGY4OC0zNDM2M2JjN2M0YzAiOnsiY3JlYXRlIjoxODAwMDAwMDAwMDAwLCJkZWxldGUiOjE4MDAwMDAwMDAwMDAsInJlYWQiOjMwMDAwMDAwMDAwMCwidXBkYXRlIjoxODAwMDAwMDAwMDAwfSwic2NoZW1hX3ZlcnNpb24iOiIwIn0="
        }
      ]
    },
    {
      "mode": "managed",
      "type": "azurerm_network_interface_security_group_association",
      "name": "res-4",
      "provider": "provider[\"registry.terraform.io/hashicorp/azurerm\"]",
      "instances": [
        {
          "schema_version": 0,
          "attributes": {
            "id": "/subscriptions/6e4d4d41-20a6-4801-8eec-c769d870e333/resourceGroups/myResourceGroup/providers/Microsoft.Network/networkInterfaces/myvm669_z1|/subscriptions/6e4d4d41-20a6-4801-8eec-c769d870e333/resourceGroups/myResourceGroup/providers/Microsoft.Network/networkSecurityGroups/myVM-nsg",
            "network_interface_id": "/subscriptions/6e4d4d41-20a6-4801-8eec-c769d870e333/resourceGroups/myResourceGroup/providers/Microsoft.Network/networkInterfaces/myvm669_z1",
            "network_security_group_id": "/subscriptions/6e4d4d41-20a6-4801-8eec-c769d870e333/resourceGroups/myResourceGroup/providers/Microsoft.Network/networkSecurityGroups/myVM-nsg",
            "timeouts": {
              "create": null,
              "delete": null,
              "read": null,
              "update": null
            }
          },
          "sensitive_attributes": [],
          "private": "eyJlMmJmYjczMC1lY2FhLTExZTYtOGY4OC0zNDM2M2JjN2M0YzAiOnsiY3JlYXRlIjoxODAwMDAwMDAwMDAwLCJkZWxldGUiOjE4MDAwMDAwMDAwMDAsInJlYWQiOjMwMDAwMDAwMDAwMCwidXBkYXRlIjoxODAwMDAwMDAwMDAwfSwic2NoZW1hX3ZlcnNpb24iOiIwIn0="
        }
      ]
    },
    {
      "mode": "managed",
      "type": "azurerm_network_security_group",
      "name": "res-5",
      "provider": "provider[\"registry.terraform.io/hashicorp/azurerm\"]",
      "instances": [
        {
          "schema_version": 0,
          "attributes": {
            "id": "/subscriptions/6e4d4d41-20a6-4801-8eec-c769d870e333/resourceGroups/myResourceGroup/providers/Microsoft.Network/networkSecurityGroups/myVM-nsg",
            "location": "westus2",
            "name": "myVM-nsg",
            "resource_group_name": "myResourceGroup",
            "security_rule": [
              {
                "access": "Allow",
                "description": "",
                "destination_address_prefix": "*",
                "destination_address_prefixes": [],
                "destination_application_security_group_ids": [],
                "destination_port_range": "22",
                "destination_port_ranges": [],
                "direction": "Inbound",
                "name": "SSH",
                "priority": 300,
                "protocol": "Tcp",
                "source_address_prefix": "10.0.0.0/24",
                "source_address_prefixes": [],
                "source_application_security_group_ids": [],
                "source_port_range": "*",
                "source_port_ranges": []
              }
            ],
            "tags": {
              "environment": "Production"
            },
            "timeouts": {
              "create": null,
              "delete": null,
              "read": null,
              "update": null
            }
          },
          "sensitive_attributes": [],
          "private": "eyJlMmJmYjczMC1lY2FhLTExZTYtOGY4OC0zNDM2M2JjN2M0YzAiOnsiY3JlYXRlIjoxODAwMDAwMDAwMDAwLCJkZWxldGUiOjE4MDAwMDAwMDAwMDAsInJlYWQiOjMwMDAwMDAwMDAwMCwidXBkYXRlIjoxODAwMDAwMDAwMDAwfSwic2NoZW1hX3ZlcnNpb24iOiIwIn0="
        }
      ]
    },
    {
      "mode": "managed",
      "type": "azurerm_network_security_rule",
      "name": "res-6",
      "provider": "provider[\"registry.terraform.io/hashicorp/azurerm\"]",
      "instances": [
        {
          "schema_version": 0,
          "attributes": {
            "access": "Allow",
            "description": "",
            "destination_address_prefix": "*",
            "destination_address_prefixes": [],
            "destination_application_security_group_ids": [],
            "destination_port_range": "22",
            "destination_port_ranges": [],
            "direction": "Inbound",
            "id": "/subscriptions/6e4d4d41-20a6-4801-8eec-c769d870e333/resourceGroups/myResourceGroup/providers/Microsoft.Network/networkSecurityGroups/myVM-nsg/securityRules/SSH",
            "name": "SSH",
            "network_security_group_name": "myVM-nsg",
            "priority": 300,
            "protocol": "Tcp",
            "resource_group_name": "myResourceGroup",
            "source_address_prefix": "10.0.0.0/24",
            "source_address_prefixes": [],
            "source_application_security_group_ids": [],
            "source_port_range": "*",
            "source_port_ranges": [],
            "timeouts": {
              "create": null,
              "delete": null,
              "read": null,
              "update": null
            }
          },
          "sensitive_attributes": [],
          "private": "eyJlMmJmYjczMC1lY2FhLTExZTYtOGY4OC0zNDM2M2JjN2M0YzAiOnsiY3JlYXRlIjoxODAwMDAwMDAwMDAwLCJkZWxldGUiOjE4MDAwMDAwMDAwMDAsInJlYWQiOjMwMDAwMDAwMDAwMCwidXBkYXRlIjoxODAwMDAwMDAwMDAwfSwic2NoZW1hX3ZlcnNpb24iOiIwIn0="
        }
      ]
    },
    {
      "mode": "managed",
      "type": "azurerm_public_ip",
      "name": "res-7",
      "provider": "provider[\"registry.terraform.io/hashicorp/azurerm\"]",
      "instances": [
        {
          "schema_version": 0,
          "attributes": {
            "allocation_method": "Static",
            "ddos_protection_mode": "VirtualNetworkInherited",
            "ddos_protection_plan_id": null,
            "domain_name_label": null,
            "edge_zone": "",
            "fqdn": null,
            "id": "/subscriptions/6e4d4d41-20a6-4801-8eec-c769d870e333/resourceGroups/myResourceGroup/providers/Microsoft.Network/publicIPAddresses/myVM-ip",
            "idle_timeout_in_minutes": 4,
            "ip_address": "20.83.203.156",
            "ip_tags": {},
            "ip_version": "IPv4",
            "location": "westus2",
            "name": "myVM-ip",
            "public_ip_prefix_id": null,
            "resource_group_name": "myResourceGroup",
            "reverse_fqdn": null,
            "sku": "Standard",
            "sku_tier": "Regional",
            "tags": {
              "environment": "Production"
            },
            "timeouts": {
              "create": null,
              "delete": null,
              "read": null,
              "update": null
            },
            "zones": [
              "1"
            ]
          },
          "sensitive_attributes": [],
          "private": "eyJlMmJmYjczMC1lY2FhLTExZTYtOGY4OC0zNDM2M2JjN2M0YzAiOnsiY3JlYXRlIjoxODAwMDAwMDAwMDAwLCJkZWxldGUiOjE4MDAwMDAwMDAwMDAsInJlYWQiOjMwMDAwMDAwMDAwMCwidXBkYXRlIjoxODAwMDAwMDAwMDAwfSwic2NoZW1hX3ZlcnNpb24iOiIwIn0="
        }
      ]
    },
    {
      "mode": "managed",
      "type": "azurerm_resource_group",
      "name": "res-0",
      "provider": "provider[\"registry.terraform.io/hashicorp/azurerm\"]",
      "instances": [
        {
          "schema_version": 0,
          "attributes": {
            "id": "/subscriptions/6e4d4d41-20a6-4801-8eec-c769d870e333/resourceGroups/myResourceGroup",
            "location": "westus2",
            "name": "myResourceGroup",
            "tags": {},
            "timeouts": {
              "create": null,
              "delete": null,
              "read": null,
              "update": null
            }
          },
          "sensitive_attributes": [],
          "private": "eyJlMmJmYjczMC1lY2FhLTExZTYtOGY4OC0zNDM2M2JjN2M0YzAiOnsiY3JlYXRlIjo1NDAwMDAwMDAwMDAwLCJkZWxldGUiOjU0MDAwMDAwMDAwMDAsInJlYWQiOjMwMDAwMDAwMDAwMCwidXBkYXRlIjo1NDAwMDAwMDAwMDAwfSwic2NoZW1hX3ZlcnNpb24iOiIwIn0="
        }
      ]
    },
    {
      "mode": "managed",
      "type": "azurerm_ssh_public_key",
      "name": "res-1",
      "provider": "provider[\"registry.terraform.io/hashicorp/azurerm\"]",
      "instances": [
        {
          "schema_version": 0,
          "attributes": {
            "id": "/subscriptions/6e4d4d41-20a6-4801-8eec-c769d870e333/resourceGroups/myResourceGroup/providers/Microsoft.Compute/sshPublicKeys/myVM_key",
            "location": "westus2",
            "name": "myVM_key",
            "public_key": "ssh-rsa AAAAB3NzaC1yc2EAAAADAQABAAABgQCoJbVugghKcAy5K0PUs2c+o9czcK8m2IdpczlvYDdgyuIqJ5u3Cgmk7HRMpoJpdI79hvGDXgagaHrfSrAR/hXrxUoAbT7K7RJ1ggPrWNDdbRUnntPVwadyzCzVGilJx5oMgIhggi25yVl+RlMtTskmoreVxC2UB+bU1f1ZnOOtn/wFUGV4h0DLyiv2bYWrnuE8HIif9OPdFMi+iu8MMQgUN1GZcqubVWlcxqqhXUOL3pfiA0SZylkJlfpifU0mKPz926Q711w67bsuir356GOOU8PlS+4jeDajhFk/yH5zgMKyAODcdOfbMnRXLX8kvqScp8svMmZLw35odjJDsn8XWJpNZTGNm+ozAu+Tj5bl/ZBvNUcbP4a/U1Tf3Da/h4seeoO66WVQksGKI0/D+O/WBTYLsCEsA2sN9o31o+jMe8CKj4V47fnA7e/P6YVpvElZnokcU/ynw2wuZ16tyCh+pe15B6uDvWONI0wFr1PF7LgcLjn9QfvjjpgBJErSIfk= generated-by-azure",
            "resource_group_name": "myResourceGroup",
            "tags": {
              "environment": "Production"
            },
            "timeouts": {
              "create": null,
              "delete": null,
              "read": null,
              "update": null
            }
          },
          "sensitive_attributes": [],
          "private": "eyJlMmJmYjczMC1lY2FhLTExZTYtOGY4OC0zNDM2M2JjN2M0YzAiOnsiY3JlYXRlIjoyNzAwMDAwMDAwMDAwLCJkZWxldGUiOjI3MDAwMDAwMDAwMDAsInJlYWQiOjMwMDAwMDAwMDAwMCwidXBkYXRlIjoyNzAwMDAwMDAwMDAwfSwic2NoZW1hX3ZlcnNpb24iOiIwIn0="
        }
      ]
    },
    {
      "mode": "managed",
      "type": "azurerm_subnet",
      "name": "res-9",
      "provider": "provider[\"registry.terraform.io/hashicorp/azurerm\"]",
      "instances": [
        {
          "schema_version": 0,
          "attributes": {
            "address_prefixes": [
              "10.2.0.0/24"
            ],
            "delegation": [],
            "enforce_private_link_endpoint_network_policies": true,
            "enforce_private_link_service_network_policies": false,
            "id": "/subscriptions/6e4d4d41-20a6-4801-8eec-c769d870e333/resourceGroups/myResourceGroup/providers/Microsoft.Network/virtualNetworks/myVM-vnet/subnets/default",
            "name": "default",
            "private_endpoint_network_policies_enabled": false,
            "private_link_service_network_policies_enabled": true,
            "resource_group_name": "myResourceGroup",
            "service_endpoint_policy_ids": [],
            "service_endpoints": [],
            "timeouts": {
              "create": null,
              "delete": null,
              "read": null,
              "update": null
            },
            "virtual_network_name": "myVM-vnet"
          },
          "sensitive_attributes": [],
          "private": "eyJlMmJmYjczMC1lY2FhLTExZTYtOGY4OC0zNDM2M2JjN2M0YzAiOnsiY3JlYXRlIjoxODAwMDAwMDAwMDAwLCJkZWxldGUiOjE4MDAwMDAwMDAwMDAsInJlYWQiOjMwMDAwMDAwMDAwMCwidXBkYXRlIjoxODAwMDAwMDAwMDAwfSwic2NoZW1hX3ZlcnNpb24iOiIwIn0="
        }
      ]
    },
    {
      "mode": "managed",
      "type": "azurerm_virtual_network",
      "name": "res-8",
      "provider": "provider[\"registry.terraform.io/hashicorp/azurerm\"]",
      "instances": [
        {
          "schema_version": 0,
          "attributes": {
            "address_space": [
              "10.2.0.0/16"
            ],
            "bgp_community": "",
            "ddos_protection_plan": [],
            "dns_servers": [],
            "edge_zone": "",
            "flow_timeout_in_minutes": 0,
            "guid": "dc69f043-c090-408d-90fe-e98ec2a7837e",
            "id": "/subscriptions/6e4d4d41-20a6-4801-8eec-c769d870e333/resourceGroups/myResourceGroup/providers/Microsoft.Network/virtualNetworks/myVM-vnet",
            "location": "westus2",
            "name": "myVM-vnet",
            "resource_group_name": "myResourceGroup",
            "subnet": [
              {
                "address_prefix": "10.2.0.0/24",
                "id": "/subscriptions/6e4d4d41-20a6-4801-8eec-c769d870e333/resourceGroups/myResourceGroup/providers/Microsoft.Network/virtualNetworks/myVM-vnet/subnets/default",
                "name": "default",
                "security_group": ""
              }
            ],
            "tags": {
              "environment": "Production"
            },
            "timeouts": {
              "create": null,
              "delete": null,
              "read": null,
              "update": null
            }
          },
          "sensitive_attributes": [],
          "private": "eyJlMmJmYjczMC1lY2FhLTExZTYtOGY4OC0zNDM2M2JjN2M0YzAiOnsiY3JlYXRlIjoxODAwMDAwMDAwMDAwLCJkZWxldGUiOjE4MDAwMDAwMDAwMDAsInJlYWQiOjMwMDAwMDAwMDAwMCwidXBkYXRlIjoxODAwMDAwMDAwMDAwfSwic2NoZW1hX3ZlcnNpb24iOiIwIn0="
        }
      ]
    }
  ],
  "check_results": null
}
